// !$*UTF8*$!
{
	archiveVersion = 1;
	classes = {
	};
	objectVersion = 50;
	objects = {

/* Begin PBXBuildFile section */
		DF4402E326DBED4800ABD872 /* AppDelegate.swift in Sources */ = {isa = PBXBuildFile; fileRef = DF4402E226DBED4800ABD872 /* AppDelegate.swift */; };
		DF4402E726DBED4800ABD872 /* HomeViewController.swift in Sources */ = {isa = PBXBuildFile; fileRef = DF4402E626DBED4800ABD872 /* HomeViewController.swift */; };
		DF4402EC26DBED4A00ABD872 /* Assets.xcassets in Resources */ = {isa = PBXBuildFile; fileRef = DF4402EB26DBED4A00ABD872 /* Assets.xcassets */; };
		DF4402EF26DBED4A00ABD872 /* LaunchScreen.storyboard in Resources */ = {isa = PBXBuildFile; fileRef = DF4402ED26DBED4A00ABD872 /* LaunchScreen.storyboard */; };
		DF4402FA26DBED4A00ABD872 /* NewPixelsOnTheBlockTests.swift in Sources */ = {isa = PBXBuildFile; fileRef = DF4402F926DBED4A00ABD872 /* NewPixelsOnTheBlockTests.swift */; };
		DF44030526DBED4A00ABD872 /* NewPixelsOnTheBlockUITests.swift in Sources */ = {isa = PBXBuildFile; fileRef = DF44030426DBED4A00ABD872 /* NewPixelsOnTheBlockUITests.swift */; };
		DF44031326DBFAC300ABD872 /* HomePresenter.swift in Sources */ = {isa = PBXBuildFile; fileRef = DF44031226DBFAC300ABD872 /* HomePresenter.swift */; };
		DF44031526DBFC1900ABD872 /* HomeModel.swift in Sources */ = {isa = PBXBuildFile; fileRef = DF44031426DBFC1900ABD872 /* HomeModel.swift */; };
		DF44031A26DBFC6500ABD872 /* GameViewController.swift in Sources */ = {isa = PBXBuildFile; fileRef = DF44031926DBFC6500ABD872 /* GameViewController.swift */; };
		DF44031C26DBFC6D00ABD872 /* GamePresenter.swift in Sources */ = {isa = PBXBuildFile; fileRef = DF44031B26DBFC6D00ABD872 /* GamePresenter.swift */; };
		DF44031E26DBFC7B00ABD872 /* GameModel.swift in Sources */ = {isa = PBXBuildFile; fileRef = DF44031D26DBFC7B00ABD872 /* GameModel.swift */; };
		DF44032026DBFDD600ABD872 /* HomeViewController.xib in Resources */ = {isa = PBXBuildFile; fileRef = DF44031F26DBFDD600ABD872 /* HomeViewController.xib */; };
		DF44032226DBFE0200ABD872 /* GameViewController.xib in Resources */ = {isa = PBXBuildFile; fileRef = DF44032126DBFE0200ABD872 /* GameViewController.xib */; };
		DF69959326DD6E0C0075A339 /* HomeRouter.swift in Sources */ = {isa = PBXBuildFile; fileRef = DF69959226DD6E0C0075A339 /* HomeRouter.swift */; };
		DF69959526DD75990075A339 /* GameRouter.swift in Sources */ = {isa = PBXBuildFile; fileRef = DF69959426DD75990075A339 /* GameRouter.swift */; };
		DFE8BC8326E23C0E00EC8671 /* Constants.swift in Sources */ = {isa = PBXBuildFile; fileRef = DFE8BC8226E23C0E00EC8671 /* Constants.swift */; };
/* End PBXBuildFile section */

/* Begin PBXContainerItemProxy section */
		DF4402F626DBED4A00ABD872 /* PBXContainerItemProxy */ = {
			isa = PBXContainerItemProxy;
			containerPortal = DF4402D726DBED4800ABD872 /* Project object */;
			proxyType = 1;
			remoteGlobalIDString = DF4402DE26DBED4800ABD872;
			remoteInfo = NewPixelsOnTheBlock;
		};
		DF44030126DBED4A00ABD872 /* PBXContainerItemProxy */ = {
			isa = PBXContainerItemProxy;
			containerPortal = DF4402D726DBED4800ABD872 /* Project object */;
			proxyType = 1;
			remoteGlobalIDString = DF4402DE26DBED4800ABD872;
			remoteInfo = NewPixelsOnTheBlock;
		};
/* End PBXContainerItemProxy section */

/* Begin PBXFileReference section */
		DF4402DF26DBED4800ABD872 /* NewPixelsOnTheBlock.app */ = {isa = PBXFileReference; explicitFileType = wrapper.application; includeInIndex = 0; path = NewPixelsOnTheBlock.app; sourceTree = BUILT_PRODUCTS_DIR; };
		DF4402E226DBED4800ABD872 /* AppDelegate.swift */ = {isa = PBXFileReference; lastKnownFileType = sourcecode.swift; path = AppDelegate.swift; sourceTree = "<group>"; };
		DF4402E626DBED4800ABD872 /* HomeViewController.swift */ = {isa = PBXFileReference; lastKnownFileType = sourcecode.swift; path = HomeViewController.swift; sourceTree = "<group>"; };
		DF4402EB26DBED4A00ABD872 /* Assets.xcassets */ = {isa = PBXFileReference; lastKnownFileType = folder.assetcatalog; path = Assets.xcassets; sourceTree = "<group>"; };
		DF4402EE26DBED4A00ABD872 /* Base */ = {isa = PBXFileReference; lastKnownFileType = file.storyboard; name = Base; path = Base.lproj/LaunchScreen.storyboard; sourceTree = "<group>"; };
		DF4402F026DBED4A00ABD872 /* Info.plist */ = {isa = PBXFileReference; lastKnownFileType = text.plist.xml; path = Info.plist; sourceTree = "<group>"; };
		DF4402F526DBED4A00ABD872 /* NewPixelsOnTheBlockTests.xctest */ = {isa = PBXFileReference; explicitFileType = wrapper.cfbundle; includeInIndex = 0; path = NewPixelsOnTheBlockTests.xctest; sourceTree = BUILT_PRODUCTS_DIR; };
		DF4402F926DBED4A00ABD872 /* NewPixelsOnTheBlockTests.swift */ = {isa = PBXFileReference; lastKnownFileType = sourcecode.swift; path = NewPixelsOnTheBlockTests.swift; sourceTree = "<group>"; };
		DF4402FB26DBED4A00ABD872 /* Info.plist */ = {isa = PBXFileReference; lastKnownFileType = text.plist.xml; path = Info.plist; sourceTree = "<group>"; };
		DF44030026DBED4A00ABD872 /* NewPixelsOnTheBlockUITests.xctest */ = {isa = PBXFileReference; explicitFileType = wrapper.cfbundle; includeInIndex = 0; path = NewPixelsOnTheBlockUITests.xctest; sourceTree = BUILT_PRODUCTS_DIR; };
		DF44030426DBED4A00ABD872 /* NewPixelsOnTheBlockUITests.swift */ = {isa = PBXFileReference; lastKnownFileType = sourcecode.swift; path = NewPixelsOnTheBlockUITests.swift; sourceTree = "<group>"; };
		DF44030626DBED4A00ABD872 /* Info.plist */ = {isa = PBXFileReference; lastKnownFileType = text.plist.xml; path = Info.plist; sourceTree = "<group>"; };
		DF44031226DBFAC300ABD872 /* HomePresenter.swift */ = {isa = PBXFileReference; lastKnownFileType = sourcecode.swift; path = HomePresenter.swift; sourceTree = "<group>"; };
		DF44031426DBFC1900ABD872 /* HomeModel.swift */ = {isa = PBXFileReference; lastKnownFileType = sourcecode.swift; path = HomeModel.swift; sourceTree = "<group>"; };
		DF44031926DBFC6500ABD872 /* GameViewController.swift */ = {isa = PBXFileReference; lastKnownFileType = sourcecode.swift; path = GameViewController.swift; sourceTree = "<group>"; };
		DF44031B26DBFC6D00ABD872 /* GamePresenter.swift */ = {isa = PBXFileReference; lastKnownFileType = sourcecode.swift; path = GamePresenter.swift; sourceTree = "<group>"; };
		DF44031D26DBFC7B00ABD872 /* GameModel.swift */ = {isa = PBXFileReference; lastKnownFileType = sourcecode.swift; path = GameModel.swift; sourceTree = "<group>"; };
		DF44031F26DBFDD600ABD872 /* HomeViewController.xib */ = {isa = PBXFileReference; lastKnownFileType = file.xib; path = HomeViewController.xib; sourceTree = "<group>"; };
		DF44032126DBFE0200ABD872 /* GameViewController.xib */ = {isa = PBXFileReference; lastKnownFileType = file.xib; path = GameViewController.xib; sourceTree = "<group>"; };
		DF69959226DD6E0C0075A339 /* HomeRouter.swift */ = {isa = PBXFileReference; lastKnownFileType = sourcecode.swift; path = HomeRouter.swift; sourceTree = "<group>"; };
		DF69959426DD75990075A339 /* GameRouter.swift */ = {isa = PBXFileReference; lastKnownFileType = sourcecode.swift; path = GameRouter.swift; sourceTree = "<group>"; };
		DFE8BC8226E23C0E00EC8671 /* Constants.swift */ = {isa = PBXFileReference; lastKnownFileType = sourcecode.swift; path = Constants.swift; sourceTree = "<group>"; };
/* End PBXFileReference section */

/* Begin PBXFrameworksBuildPhase section */
		DF4402DC26DBED4800ABD872 /* Frameworks */ = {
			isa = PBXFrameworksBuildPhase;
			buildActionMask = 2147483647;
			files = (
			);
			runOnlyForDeploymentPostprocessing = 0;
		};
		DF4402F226DBED4A00ABD872 /* Frameworks */ = {
			isa = PBXFrameworksBuildPhase;
			buildActionMask = 2147483647;
			files = (
			);
			runOnlyForDeploymentPostprocessing = 0;
		};
		DF4402FD26DBED4A00ABD872 /* Frameworks */ = {
			isa = PBXFrameworksBuildPhase;
			buildActionMask = 2147483647;
			files = (
			);
			runOnlyForDeploymentPostprocessing = 0;
		};
/* End PBXFrameworksBuildPhase section */

/* Begin PBXGroup section */
		DF4402D626DBED4800ABD872 = {
			isa = PBXGroup;
			children = (
				DF4402E126DBED4800ABD872 /* NewPixelsOnTheBlock */,
				DF4402F826DBED4A00ABD872 /* NewPixelsOnTheBlockTests */,
				DF44030326DBED4A00ABD872 /* NewPixelsOnTheBlockUITests */,
				DF4402E026DBED4800ABD872 /* Products */,
			);
			sourceTree = "<group>";
		};
		DF4402E026DBED4800ABD872 /* Products */ = {
			isa = PBXGroup;
			children = (
				DF4402DF26DBED4800ABD872 /* NewPixelsOnTheBlock.app */,
				DF4402F526DBED4A00ABD872 /* NewPixelsOnTheBlockTests.xctest */,
				DF44030026DBED4A00ABD872 /* NewPixelsOnTheBlockUITests.xctest */,
			);
			name = Products;
			sourceTree = "<group>";
		};
		DF4402E126DBED4800ABD872 /* NewPixelsOnTheBlock */ = {
			isa = PBXGroup;
			children = (
				DFE8BC8126E23C0200EC8671 /* Common */,
				DF44031726DBFC3800ABD872 /* Scenes */,
				DF4402E226DBED4800ABD872 /* AppDelegate.swift */,
				DF4402EB26DBED4A00ABD872 /* Assets.xcassets */,
				DF4402ED26DBED4A00ABD872 /* LaunchScreen.storyboard */,
				DF4402F026DBED4A00ABD872 /* Info.plist */,
			);
			path = NewPixelsOnTheBlock;
			sourceTree = "<group>";
		};
		DF4402F826DBED4A00ABD872 /* NewPixelsOnTheBlockTests */ = {
			isa = PBXGroup;
			children = (
				DF4402F926DBED4A00ABD872 /* NewPixelsOnTheBlockTests.swift */,
				DF4402FB26DBED4A00ABD872 /* Info.plist */,
			);
			path = NewPixelsOnTheBlockTests;
			sourceTree = "<group>";
		};
		DF44030326DBED4A00ABD872 /* NewPixelsOnTheBlockUITests */ = {
			isa = PBXGroup;
			children = (
				DF44030426DBED4A00ABD872 /* NewPixelsOnTheBlockUITests.swift */,
				DF44030626DBED4A00ABD872 /* Info.plist */,
			);
			path = NewPixelsOnTheBlockUITests;
			sourceTree = "<group>";
		};
		DF44031626DBFC3100ABD872 /* Home */ = {
			isa = PBXGroup;
			children = (
				DF4402E626DBED4800ABD872 /* HomeViewController.swift */,
				DF44031226DBFAC300ABD872 /* HomePresenter.swift */,
				DF44031426DBFC1900ABD872 /* HomeModel.swift */,
				DF44031F26DBFDD600ABD872 /* HomeViewController.xib */,
				DF69959226DD6E0C0075A339 /* HomeRouter.swift */,
			);
			path = Home;
			sourceTree = "<group>";
		};
		DF44031726DBFC3800ABD872 /* Scenes */ = {
			isa = PBXGroup;
			children = (
				DF44031626DBFC3100ABD872 /* Home */,
				DF44031826DBFC5500ABD872 /* Game */,
			);
			path = Scenes;
			sourceTree = "<group>";
		};
		DF44031826DBFC5500ABD872 /* Game */ = {
			isa = PBXGroup;
			children = (
				DF44031926DBFC6500ABD872 /* GameViewController.swift */,
				DF44031B26DBFC6D00ABD872 /* GamePresenter.swift */,
				DF44031D26DBFC7B00ABD872 /* GameModel.swift */,
				DF44032126DBFE0200ABD872 /* GameViewController.xib */,
				DF69959426DD75990075A339 /* GameRouter.swift */,
			);
			path = Game;
			sourceTree = "<group>";
		};
		DFE8BC8126E23C0200EC8671 /* Common */ = {
			isa = PBXGroup;
			children = (
				DFE8BC8226E23C0E00EC8671 /* Constants.swift */,
			);
			path = Common;
			sourceTree = "<group>";
		};
/* End PBXGroup section */

/* Begin PBXNativeTarget section */
		DF4402DE26DBED4800ABD872 /* NewPixelsOnTheBlock */ = {
			isa = PBXNativeTarget;
			buildConfigurationList = DF44030926DBED4A00ABD872 /* Build configuration list for PBXNativeTarget "NewPixelsOnTheBlock" */;
			buildPhases = (
				DF4402DB26DBED4800ABD872 /* Sources */,
				DF4402DC26DBED4800ABD872 /* Frameworks */,
				DF4402DD26DBED4800ABD872 /* Resources */,
			);
			buildRules = (
			);
			dependencies = (
			);
			name = NewPixelsOnTheBlock;
			productName = NewPixelsOnTheBlock;
			productReference = DF4402DF26DBED4800ABD872 /* NewPixelsOnTheBlock.app */;
			productType = "com.apple.product-type.application";
		};
		DF4402F426DBED4A00ABD872 /* NewPixelsOnTheBlockTests */ = {
			isa = PBXNativeTarget;
			buildConfigurationList = DF44030C26DBED4A00ABD872 /* Build configuration list for PBXNativeTarget "NewPixelsOnTheBlockTests" */;
			buildPhases = (
				DF4402F126DBED4A00ABD872 /* Sources */,
				DF4402F226DBED4A00ABD872 /* Frameworks */,
				DF4402F326DBED4A00ABD872 /* Resources */,
			);
			buildRules = (
			);
			dependencies = (
				DF4402F726DBED4A00ABD872 /* PBXTargetDependency */,
			);
			name = NewPixelsOnTheBlockTests;
			productName = NewPixelsOnTheBlockTests;
			productReference = DF4402F526DBED4A00ABD872 /* NewPixelsOnTheBlockTests.xctest */;
			productType = "com.apple.product-type.bundle.unit-test";
		};
		DF4402FF26DBED4A00ABD872 /* NewPixelsOnTheBlockUITests */ = {
			isa = PBXNativeTarget;
			buildConfigurationList = DF44030F26DBED4A00ABD872 /* Build configuration list for PBXNativeTarget "NewPixelsOnTheBlockUITests" */;
			buildPhases = (
				DF4402FC26DBED4A00ABD872 /* Sources */,
				DF4402FD26DBED4A00ABD872 /* Frameworks */,
				DF4402FE26DBED4A00ABD872 /* Resources */,
			);
			buildRules = (
			);
			dependencies = (
				DF44030226DBED4A00ABD872 /* PBXTargetDependency */,
			);
			name = NewPixelsOnTheBlockUITests;
			productName = NewPixelsOnTheBlockUITests;
			productReference = DF44030026DBED4A00ABD872 /* NewPixelsOnTheBlockUITests.xctest */;
			productType = "com.apple.product-type.bundle.ui-testing";
		};
/* End PBXNativeTarget section */

/* Begin PBXProject section */
		DF4402D726DBED4800ABD872 /* Project object */ = {
			isa = PBXProject;
			attributes = {
				LastSwiftUpdateCheck = 1250;
				LastUpgradeCheck = 1250;
				TargetAttributes = {
					DF4402DE26DBED4800ABD872 = {
						CreatedOnToolsVersion = 12.5;
					};
					DF4402F426DBED4A00ABD872 = {
						CreatedOnToolsVersion = 12.5;
						TestTargetID = DF4402DE26DBED4800ABD872;
					};
					DF4402FF26DBED4A00ABD872 = {
						CreatedOnToolsVersion = 12.5;
						TestTargetID = DF4402DE26DBED4800ABD872;
					};
				};
			};
			buildConfigurationList = DF4402DA26DBED4800ABD872 /* Build configuration list for PBXProject "NewPixelsOnTheBlock" */;
			compatibilityVersion = "Xcode 9.3";
			developmentRegion = en;
			hasScannedForEncodings = 0;
			knownRegions = (
				en,
				Base,
			);
			mainGroup = DF4402D626DBED4800ABD872;
			productRefGroup = DF4402E026DBED4800ABD872 /* Products */;
			projectDirPath = "";
			projectRoot = "";
			targets = (
				DF4402DE26DBED4800ABD872 /* NewPixelsOnTheBlock */,
				DF4402F426DBED4A00ABD872 /* NewPixelsOnTheBlockTests */,
				DF4402FF26DBED4A00ABD872 /* NewPixelsOnTheBlockUITests */,
			);
		};
/* End PBXProject section */

/* Begin PBXResourcesBuildPhase section */
		DF4402DD26DBED4800ABD872 /* Resources */ = {
			isa = PBXResourcesBuildPhase;
			buildActionMask = 2147483647;
			files = (
				DF44032226DBFE0200ABD872 /* GameViewController.xib in Resources */,
				DF4402EF26DBED4A00ABD872 /* LaunchScreen.storyboard in Resources */,
				DF4402EC26DBED4A00ABD872 /* Assets.xcassets in Resources */,
				DF44032026DBFDD600ABD872 /* HomeViewController.xib in Resources */,
			);
			runOnlyForDeploymentPostprocessing = 0;
		};
		DF4402F326DBED4A00ABD872 /* Resources */ = {
			isa = PBXResourcesBuildPhase;
			buildActionMask = 2147483647;
			files = (
			);
			runOnlyForDeploymentPostprocessing = 0;
		};
		DF4402FE26DBED4A00ABD872 /* Resources */ = {
			isa = PBXResourcesBuildPhase;
			buildActionMask = 2147483647;
			files = (
			);
			runOnlyForDeploymentPostprocessing = 0;
		};
/* End PBXResourcesBuildPhase section */

/* Begin PBXSourcesBuildPhase section */
		DF4402DB26DBED4800ABD872 /* Sources */ = {
			isa = PBXSourcesBuildPhase;
			buildActionMask = 2147483647;
			files = (
				DF44031A26DBFC6500ABD872 /* GameViewController.swift in Sources */,
				DF44031526DBFC1900ABD872 /* HomeModel.swift in Sources */,
				DF44031C26DBFC6D00ABD872 /* GamePresenter.swift in Sources */,
				DF4402E726DBED4800ABD872 /* HomeViewController.swift in Sources */,
				DF69959526DD75990075A339 /* GameRouter.swift in Sources */,
				DFE8BC8326E23C0E00EC8671 /* Constants.swift in Sources */,
				DF44031326DBFAC300ABD872 /* HomePresenter.swift in Sources */,
				DF69959326DD6E0C0075A339 /* HomeRouter.swift in Sources */,
				DF44031E26DBFC7B00ABD872 /* GameModel.swift in Sources */,
				DF4402E326DBED4800ABD872 /* AppDelegate.swift in Sources */,
			);
			runOnlyForDeploymentPostprocessing = 0;
		};
		DF4402F126DBED4A00ABD872 /* Sources */ = {
			isa = PBXSourcesBuildPhase;
			buildActionMask = 2147483647;
			files = (
				DF4402FA26DBED4A00ABD872 /* NewPixelsOnTheBlockTests.swift in Sources */,
			);
			runOnlyForDeploymentPostprocessing = 0;
		};
		DF4402FC26DBED4A00ABD872 /* Sources */ = {
			isa = PBXSourcesBuildPhase;
			buildActionMask = 2147483647;
			files = (
				DF44030526DBED4A00ABD872 /* NewPixelsOnTheBlockUITests.swift in Sources */,
			);
			runOnlyForDeploymentPostprocessing = 0;
		};
/* End PBXSourcesBuildPhase section */

/* Begin PBXTargetDependency section */
		DF4402F726DBED4A00ABD872 /* PBXTargetDependency */ = {
			isa = PBXTargetDependency;
			target = DF4402DE26DBED4800ABD872 /* NewPixelsOnTheBlock */;
			targetProxy = DF4402F626DBED4A00ABD872 /* PBXContainerItemProxy */;
		};
		DF44030226DBED4A00ABD872 /* PBXTargetDependency */ = {
			isa = PBXTargetDependency;
			target = DF4402DE26DBED4800ABD872 /* NewPixelsOnTheBlock */;
			targetProxy = DF44030126DBED4A00ABD872 /* PBXContainerItemProxy */;
		};
/* End PBXTargetDependency section */

/* Begin PBXVariantGroup section */
		DF4402ED26DBED4A00ABD872 /* LaunchScreen.storyboard */ = {
			isa = PBXVariantGroup;
			children = (
				DF4402EE26DBED4A00ABD872 /* Base */,
			);
			name = LaunchScreen.storyboard;
			sourceTree = "<group>";
		};
/* End PBXVariantGroup section */

/* Begin XCBuildConfiguration section */
		DF44030726DBED4A00ABD872 /* Debug */ = {
			isa = XCBuildConfiguration;
			buildSettings = {
				ALWAYS_SEARCH_USER_PATHS = NO;
				CLANG_ANALYZER_NONNULL = YES;
				CLANG_ANALYZER_NUMBER_OBJECT_CONVERSION = YES_AGGRESSIVE;
				CLANG_CXX_LANGUAGE_STANDARD = "gnu++14";
				CLANG_CXX_LIBRARY = "libc++";
				CLANG_ENABLE_MODULES = YES;
				CLANG_ENABLE_OBJC_ARC = YES;
				CLANG_ENABLE_OBJC_WEAK = YES;
				CLANG_WARN_BLOCK_CAPTURE_AUTORELEASING = YES;
				CLANG_WARN_BOOL_CONVERSION = YES;
				CLANG_WARN_COMMA = YES;
				CLANG_WARN_CONSTANT_CONVERSION = YES;
				CLANG_WARN_DEPRECATED_OBJC_IMPLEMENTATIONS = YES;
				CLANG_WARN_DIRECT_OBJC_ISA_USAGE = YES_ERROR;
				CLANG_WARN_DOCUMENTATION_COMMENTS = YES;
				CLANG_WARN_EMPTY_BODY = YES;
				CLANG_WARN_ENUM_CONVERSION = YES;
				CLANG_WARN_INFINITE_RECURSION = YES;
				CLANG_WARN_INT_CONVERSION = YES;
				CLANG_WARN_NON_LITERAL_NULL_CONVERSION = YES;
				CLANG_WARN_OBJC_IMPLICIT_RETAIN_SELF = YES;
				CLANG_WARN_OBJC_LITERAL_CONVERSION = YES;
				CLANG_WARN_OBJC_ROOT_CLASS = YES_ERROR;
				CLANG_WARN_QUOTED_INCLUDE_IN_FRAMEWORK_HEADER = YES;
				CLANG_WARN_RANGE_LOOP_ANALYSIS = YES;
				CLANG_WARN_STRICT_PROTOTYPES = YES;
				CLANG_WARN_SUSPICIOUS_MOVE = YES;
				CLANG_WARN_UNGUARDED_AVAILABILITY = YES_AGGRESSIVE;
				CLANG_WARN_UNREACHABLE_CODE = YES;
				CLANG_WARN__DUPLICATE_METHOD_MATCH = YES;
				COPY_PHASE_STRIP = NO;
				DEBUG_INFORMATION_FORMAT = dwarf;
				ENABLE_STRICT_OBJC_MSGSEND = YES;
				ENABLE_TESTABILITY = YES;
				GCC_C_LANGUAGE_STANDARD = gnu11;
				GCC_DYNAMIC_NO_PIC = NO;
				GCC_NO_COMMON_BLOCKS = YES;
				GCC_OPTIMIZATION_LEVEL = 0;
				GCC_PREPROCESSOR_DEFINITIONS = (
					"DEBUG=1",
					"$(inherited)",
				);
				GCC_WARN_64_TO_32_BIT_CONVERSION = YES;
				GCC_WARN_ABOUT_RETURN_TYPE = YES_ERROR;
				GCC_WARN_UNDECLARED_SELECTOR = YES;
				GCC_WARN_UNINITIALIZED_AUTOS = YES_AGGRESSIVE;
				GCC_WARN_UNUSED_FUNCTION = YES;
				GCC_WARN_UNUSED_VARIABLE = YES;
				IPHONEOS_DEPLOYMENT_TARGET = 14.5;
				MTL_ENABLE_DEBUG_INFO = INCLUDE_SOURCE;
				MTL_FAST_MATH = YES;
				ONLY_ACTIVE_ARCH = YES;
				SDKROOT = iphoneos;
				SWIFT_ACTIVE_COMPILATION_CONDITIONS = DEBUG;
				SWIFT_OPTIMIZATION_LEVEL = "-Onone";
			};
			name = Debug;
		};
		DF44030826DBED4A00ABD872 /* Release */ = {
			isa = XCBuildConfiguration;
			buildSettings = {
				ALWAYS_SEARCH_USER_PATHS = NO;
				CLANG_ANALYZER_NONNULL = YES;
				CLANG_ANALYZER_NUMBER_OBJECT_CONVERSION = YES_AGGRESSIVE;
				CLANG_CXX_LANGUAGE_STANDARD = "gnu++14";
				CLANG_CXX_LIBRARY = "libc++";
				CLANG_ENABLE_MODULES = YES;
				CLANG_ENABLE_OBJC_ARC = YES;
				CLANG_ENABLE_OBJC_WEAK = YES;
				CLANG_WARN_BLOCK_CAPTURE_AUTORELEASING = YES;
				CLANG_WARN_BOOL_CONVERSION = YES;
				CLANG_WARN_COMMA = YES;
				CLANG_WARN_CONSTANT_CONVERSION = YES;
				CLANG_WARN_DEPRECATED_OBJC_IMPLEMENTATIONS = YES;
				CLANG_WARN_DIRECT_OBJC_ISA_USAGE = YES_ERROR;
				CLANG_WARN_DOCUMENTATION_COMMENTS = YES;
				CLANG_WARN_EMPTY_BODY = YES;
				CLANG_WARN_ENUM_CONVERSION = YES;
				CLANG_WARN_INFINITE_RECURSION = YES;
				CLANG_WARN_INT_CONVERSION = YES;
				CLANG_WARN_NON_LITERAL_NULL_CONVERSION = YES;
				CLANG_WARN_OBJC_IMPLICIT_RETAIN_SELF = YES;
				CLANG_WARN_OBJC_LITERAL_CONVERSION = YES;
				CLANG_WARN_OBJC_ROOT_CLASS = YES_ERROR;
				CLANG_WARN_QUOTED_INCLUDE_IN_FRAMEWORK_HEADER = YES;
				CLANG_WARN_RANGE_LOOP_ANALYSIS = YES;
				CLANG_WARN_STRICT_PROTOTYPES = YES;
				CLANG_WARN_SUSPICIOUS_MOVE = YES;
				CLANG_WARN_UNGUARDED_AVAILABILITY = YES_AGGRESSIVE;
				CLANG_WARN_UNREACHABLE_CODE = YES;
				CLANG_WARN__DUPLICATE_METHOD_MATCH = YES;
				COPY_PHASE_STRIP = NO;
				DEBUG_INFORMATION_FORMAT = "dwarf-with-dsym";
				ENABLE_NS_ASSERTIONS = NO;
				ENABLE_STRICT_OBJC_MSGSEND = YES;
				GCC_C_LANGUAGE_STANDARD = gnu11;
				GCC_NO_COMMON_BLOCKS = YES;
				GCC_WARN_64_TO_32_BIT_CONVERSION = YES;
				GCC_WARN_ABOUT_RETURN_TYPE = YES_ERROR;
				GCC_WARN_UNDECLARED_SELECTOR = YES;
				GCC_WARN_UNINITIALIZED_AUTOS = YES_AGGRESSIVE;
				GCC_WARN_UNUSED_FUNCTION = YES;
				GCC_WARN_UNUSED_VARIABLE = YES;
				IPHONEOS_DEPLOYMENT_TARGET = 14.5;
				MTL_ENABLE_DEBUG_INFO = NO;
				MTL_FAST_MATH = YES;
				SDKROOT = iphoneos;
				SWIFT_COMPILATION_MODE = wholemodule;
				SWIFT_OPTIMIZATION_LEVEL = "-O";
				VALIDATE_PRODUCT = YES;
			};
			name = Release;
		};
		DF44030A26DBED4A00ABD872 /* Debug */ = {
			isa = XCBuildConfiguration;
			buildSettings = {
				ASSETCATALOG_COMPILER_APPICON_NAME = AppIcon;
				ASSETCATALOG_COMPILER_GLOBAL_ACCENT_COLOR_NAME = AccentColor;
				CODE_SIGN_STYLE = Automatic;
				DEVELOPMENT_TEAM = "";
				INFOPLIST_FILE = NewPixelsOnTheBlock/Info.plist;
				LD_RUNPATH_SEARCH_PATHS = (
					"$(inherited)",
					"@executable_path/Frameworks",
				);
				PRODUCT_BUNDLE_IDENTIFIER = com.NewPixelsOnTheBlock;
				PRODUCT_NAME = "$(TARGET_NAME)";
				SWIFT_VERSION = 5.0;
				TARGETED_DEVICE_FAMILY = "1,2";
			};
			name = Debug;
		};
		DF44030B26DBED4A00ABD872 /* Release */ = {
			isa = XCBuildConfiguration;
			buildSettings = {
				ASSETCATALOG_COMPILER_APPICON_NAME = AppIcon;
				ASSETCATALOG_COMPILER_GLOBAL_ACCENT_COLOR_NAME = AccentColor;
				CODE_SIGN_STYLE = Automatic;
				DEVELOPMENT_TEAM = "";
				INFOPLIST_FILE = NewPixelsOnTheBlock/Info.plist;
				LD_RUNPATH_SEARCH_PATHS = (
					"$(inherited)",
					"@executable_path/Frameworks",
				);
				PRODUCT_BUNDLE_IDENTIFIER = com.NewPixelsOnTheBlock;
				PRODUCT_NAME = "$(TARGET_NAME)";
				SWIFT_VERSION = 5.0;
				TARGETED_DEVICE_FAMILY = "1,2";
			};
			name = Release;
		};
		DF44030D26DBED4A00ABD872 /* Debug */ = {
			isa = XCBuildConfiguration;
			buildSettings = {
				ALWAYS_EMBED_SWIFT_STANDARD_LIBRARIES = YES;
				BUNDLE_LOADER = "$(TEST_HOST)";
				CODE_SIGN_STYLE = Automatic;
				DEVELOPMENT_TEAM = BZPKHJ33V9;
				INFOPLIST_FILE = NewPixelsOnTheBlockTests/Info.plist;
				IPHONEOS_DEPLOYMENT_TARGET = 14.5;
				LD_RUNPATH_SEARCH_PATHS = (
					"$(inherited)",
					"@executable_path/Frameworks",
					"@loader_path/Frameworks",
				);
				PRODUCT_BUNDLE_IDENTIFIER = com.NewPixelsOnTheBlockTests;
				PRODUCT_NAME = "$(TARGET_NAME)";
				SWIFT_VERSION = 5.0;
				TARGETED_DEVICE_FAMILY = "1,2";
				TEST_HOST = "$(BUILT_PRODUCTS_DIR)/NewPixelsOnTheBlock.app/NewPixelsOnTheBlock";
			};
			name = Debug;
		};
		DF44030E26DBED4A00ABD872 /* Release */ = {
			isa = XCBuildConfiguration;
			buildSettings = {
				ALWAYS_EMBED_SWIFT_STANDARD_LIBRARIES = YES;
				BUNDLE_LOADER = "$(TEST_HOST)";
				CODE_SIGN_STYLE = Automatic;
				DEVELOPMENT_TEAM = BZPKHJ33V9;
				INFOPLIST_FILE = NewPixelsOnTheBlockTests/Info.plist;
				IPHONEOS_DEPLOYMENT_TARGET = 14.5;
				LD_RUNPATH_SEARCH_PATHS = (
					"$(inherited)",
					"@executable_path/Frameworks",
					"@loader_path/Frameworks",
				);
				PRODUCT_BUNDLE_IDENTIFIER = com.NewPixelsOnTheBlockTests;
				PRODUCT_NAME = "$(TARGET_NAME)";
				SWIFT_VERSION = 5.0;
				TARGETED_DEVICE_FAMILY = "1,2";
				TEST_HOST = "$(BUILT_PRODUCTS_DIR)/NewPixelsOnTheBlock.app/NewPixelsOnTheBlock";
			};
			name = Release;
		};
		DF44031026DBED4A00ABD872 /* Debug */ = {
			isa = XCBuildConfiguration;
			buildSettings = {
				ALWAYS_EMBED_SWIFT_STANDARD_LIBRARIES = YES;
				CODE_SIGN_STYLE = Automatic;
				DEVELOPMENT_TEAM = BZPKHJ33V9;
				INFOPLIST_FILE = NewPixelsOnTheBlockUITests/Info.plist;
				LD_RUNPATH_SEARCH_PATHS = (
					"$(inherited)",
					"@executable_path/Frameworks",
					"@loader_path/Frameworks",
				);
				PRODUCT_BUNDLE_IDENTIFIER = com.NewPixelsOnTheBlockUITests;
				PRODUCT_NAME = "$(TARGET_NAME)";
				SWIFT_VERSION = 5.0;
				TARGETED_DEVICE_FAMILY = "1,2";
				TEST_TARGET_NAME = NewPixelsOnTheBlock;
			};
			name = Debug;
		};
		DF44031126DBED4A00ABD872 /* Release */ = {
			isa = XCBuildConfiguration;
			buildSettings = {
				ALWAYS_EMBED_SWIFT_STANDARD_LIBRARIES = YES;
				CODE_SIGN_STYLE = Automatic;
				DEVELOPMENT_TEAM = BZPKHJ33V9;
				INFOPLIST_FILE = NewPixelsOnTheBlockUITests/Info.plist;
				LD_RUNPATH_SEARCH_PATHS = (
					"$(inherited)",
					"@executable_path/Frameworks",
					"@loader_path/Frameworks",
				);
				PRODUCT_BUNDLE_IDENTIFIER = com.NewPixelsOnTheBlockUITests;
				PRODUCT_NAME = "$(TARGET_NAME)";
				SWIFT_VERSION = 5.0;
				TARGETED_DEVICE_FAMILY = "1,2";
				TEST_TARGET_NAME = NewPixelsOnTheBlock;
			};
			name = Release;
		};
/* End XCBuildConfiguration section */

/* Begin XCConfigurationList section */
		DF4402DA26DBED4800ABD872 /* Build configuration list for PBXProject "NewPixelsOnTheBlock" */ = {
			isa = XCConfigurationList;
			buildConfigurations = (
				DF44030726DBED4A00ABD872 /* Debug */,
				DF44030826DBED4A00ABD872 /* Release */,
			);
			defaultConfigurationIsVisible = 0;
			defaultConfigurationName = Release;
		};
		DF44030926DBED4A00ABD872 /* Build configuration list for PBXNativeTarget "NewPixelsOnTheBlock" */ = {
			isa = XCConfigurationList;
			buildConfigurations = (
				DF44030A26DBED4A00ABD872 /* Debug */,
				DF44030B26DBED4A00ABD872 /* Release */,
			);
			defaultConfigurationIsVisible = 0;
			defaultConfigurationName = Release;
		};
		DF44030C26DBED4A00ABD872 /* Build configuration list for PBXNativeTarget "NewPixelsOnTheBlockTests" */ = {
			isa = XCConfigurationList;
			buildConfigurations = (
				DF44030D26DBED4A00ABD872 /* Debug */,
				DF44030E26DBED4A00ABD872 /* Release */,
			);
			defaultConfigurationIsVisible = 0;
			defaultConfigurationName = Release;
		};
		DF44030F26DBED4A00ABD872 /* Build configuration list for PBXNativeTarget "NewPixelsOnTheBlockUITests" */ = {
			isa = XCConfigurationList;
			buildConfigurations = (
				DF44031026DBED4A00ABD872 /* Debug */,
				DF44031126DBED4A00ABD872 /* Release */,
			);
			defaultConfigurationIsVisible = 0;
			defaultConfigurationName = Release;
		};
/* End XCConfigurationList section */
	};
	rootObject = DF4402D726DBED4800ABD872 /* Project object */;
}
